{
  "lockfileVersion": 1,
  "configVersion": 1,
  "workspaces": {
    "": {
      "dependencies": {
        "ansi_up": "^6.0.6",
        "ffmpeg-static": "^5.3.0",
        "json-rules-engine": "^7.3.1",
        "sharp": "^0.35.1",
        "ssh2": "^1.17.0",
        "zod": "^4.4.3",
      },
    },
  },
  "packages": {
    "@derhuerst/http-basic": ["@derhuerst/http-basic@8.2.4", "", { "dependencies": { "caseless": "^0.12.0", "concat-stream": "^2.0.0", "http-response-object": "^3.0.1", "parse-cache-control": "^1.0.1" } }, "sha512-F9rL9k9Xjf5blCz8HsJRO4diy111cayL2vkY2XE4r4t3n0yPXVYy3KD3nJ1qbrSn9743UWSXH4IwuCa/HWlGFw=="],

    "@emnapi/runtime": ["@emnapi/runtime@1.11.1", "", { "dependencies": { "tslib": "^2.4.0" } }, "sha512-vgj7R3y3Wgx24IQaGPA/R6YFXLHVMOZ0uVEyIQPaWs+rd1AzfEMXlAC22FYwO1XkKR6NPsq7mUandH8oIRdZFw=="],

    "@img/colour": ["@img/colour@1.1.0", "", {}, "sha512-Td76q7j57o/tLVdgS746cYARfSyxk8iEfRxewL9h4OMzYhbW4TAcppl0mT4eyqXddh6L/jwoM75mo7ixa/pCeQ=="],

    "@img/sharp-darwin-arm64": ["@img/sharp-darwin-arm64@0.35.1", "", { "optionalDependencies": { "@img/sharp-libvips-darwin-arm64": "1.3.0" }, "os": "darwin", "cpu": "arm64" }, "sha512-T15JRWOubQ3f5+GxnWeIvo47u5qV0M9HBgJhT+f2gE1e9e6OhR6K73Re52Hm80qWcu1DNb3GweKmpr/MnuP2Ow=="],

    "@img/sharp-darwin-x64": ["@img/sharp-darwin-x64@0.35.1", "", { "optionalDependencies": { "@img/sharp-libvips-darwin-x64": "1.3.0" }, "os": "darwin", "cpu": "x64" }, "sha512-t1CPD0cr7XCHjwUj6tQ5MC0pCi866I+gUW6zbUX4aFPnKd1DFBtk0M+gWcjX8VeEzgfCNiSiNTVFZ6b7kvdbnQ=="],

    "@img/sharp-freebsd-wasm32": ["@img/sharp-freebsd-wasm32@0.35.1", "", { "dependencies": { "@img/sharp-wasm32": "0.35.1" }, "os": "freebsd" }, "sha512-MBSQXqNPThW9EcZ905H6N4sEdX5EwZEYzGx5EBq9ncDCGJALMiY1xPFJxNdzuB1iBjLOpIfxajM6YxdvwmQSLA=="],

    "@img/sharp-libvips-darwin-arm64": ["@img/sharp-libvips-darwin-arm64@1.3.0", "", { "os": "darwin", "cpu": "arm64" }, "sha512-EKbmBKtyTH+GPFDRw2TgK2oV6hyxxlJVIar4hoTYSNmIwipgMFdxPQqR392GmfdsPGWga0mCFN1cCKjRb9cljw=="],

    "@img/sharp-libvips-darwin-x64": ["@img/sharp-libvips-darwin-x64@1.3.0", "", { "os": "darwin", "cpu": "x64" }, "sha512-Pl2OmOvrJ42adUllESxBsG54PfXLo1OYg9i3c5/5Ln/qJ0gZuTM9YMhQJPIbXqwidLRc/c2zuHt4RsrymmNv7A=="],

    "@img/sharp-libvips-linux-arm": ["@img/sharp-libvips-linux-arm@1.3.0", "", { "os": "linux", "cpu": "arm" }, "sha512-A8UpHoUDW4DwnXoV6+q3C1s7QLRAHtPDEjWuNZjwHMyoCNZnm0GeNN8ls9f/bsEYTRQRW96C/n34XJQHJ2fT7A=="],

    "@img/sharp-libvips-linux-arm64": ["@img/sharp-libvips-linux-arm64@1.3.0", "", { "os": "linux", "cpu": "arm64" }, "sha512-C0SqjoFKnszqa44EQ7xoaT48nnO0lOyXEULfXMWi8krrjOPGYkeK30Okzla6ATbBYsyZ0ySinK0FVkpv3DwzfQ=="],

    "@img/sharp-libvips-linux-ppc64": ["@img/sharp-libvips-linux-ppc64@1.3.0", "", { "os": "linux", "cpu": "ppc64" }, "sha512-WOpkVxAjFd369iaIzEgNRreFD+gWdUMIGD5zplhNKNeqS6mm5dac3q2AFyCBmzYoAdouzZvRBgxy4z8QHZb4/A=="],

    "@img/sharp-libvips-linux-riscv64": ["@img/sharp-libvips-linux-riscv64@1.3.0", "", { "os": "linux", "cpu": "none" }, "sha512-DRWw0mOHusrCCuw2rqP87oLg6PGlkomVDFqw2hIwsSfwWpu4k3XLcBPaKKl6ct/GtL/cwNkgwjV/tc0Mqht3VA=="],

    "@img/sharp-libvips-linux-s390x": ["@img/sharp-libvips-linux-s390x@1.3.0", "", { "os": "linux", "cpu": "s390x" }, "sha512-9APy+nFWhHS+kzLgWZfLcyrUd7YqnAQVa4BPOo4xkoHpdoktOAPG4cEr9+Jpl0TtqfVmcMJimNL5qNTyyOHZNA=="],

    "@img/sharp-libvips-linux-x64": ["@img/sharp-libvips-linux-x64@1.3.0", "", { "os": "linux", "cpu": "x64" }, "sha512-y9RNUYDe2A1UAdhLyfeOodGRszQdaEoe4nfOpp/sNVPl2CWIcUyFaDoCh4vPLPxu19803j2naLqZup2WxDXCLA=="],

    "@img/sharp-libvips-linuxmusl-arm64": ["@img/sharp-libvips-linuxmusl-arm64@1.3.0", "", { "os": "linux", "cpu": "arm64" }, "sha512-cC1wkC0Mlucd0KSiGrLkJnB/ZqPvZCntc/Lk7ZnYO5ZSbF2euNek4Xvxafojq+wN1q/W0eprdpUIjUr/EV2PBg=="],

    "@img/sharp-libvips-linuxmusl-x64": ["@img/sharp-libvips-linuxmusl-x64@1.3.0", "", { "os": "linux", "cpu": "x64" }, "sha512-LiYMhUZicB1QG//+RvmYZpXJO8fYRENfp+MZUCnG9aw+AKvGAy9gPaCnuwsPcBFs8EV66M0NNxj9VHcNklE8zw=="],

    "@img/sharp-linux-arm": ["@img/sharp-linux-arm@0.35.1", "", { "optionalDependencies": { "@img/sharp-libvips-linux-arm": "1.3.0" }, "os": "linux", "cpu": "arm" }, "sha512-jygmR02PpCYypt7xB7nst1vqjZp/BpRA/Kf9nK7qRponJ/KrLPaZWEG4G15z1d2FZ6XqI+T0350ha3RSnKx24A=="],

    "@img/sharp-linux-arm64": ["@img/sharp-linux-arm64@0.35.1", "", { "optionalDependencies": { "@img/sharp-libvips-linux-arm64": "1.3.0" }, "os": "linux", "cpu": "arm64" }, "sha512-ErCRyGU7LeoaFBZ0xW8hhLlXzhAg80sc4vxePB86qvtEvW1jEhhmbiNBP4oEzZfPMnu6HwHXfzD2W2kBU+RnCw=="],

    "@img/sharp-linux-ppc64": ["@img/sharp-linux-ppc64@0.35.1", "", { "optionalDependencies": { "@img/sharp-libvips-linux-ppc64": "1.3.0" }, "os": "linux", "cpu": "ppc64" }, "sha512-LUWZ2+r2UoLCd8j0RLCwQ4gL6w47+Y7igxtVnPIDXOOEjV86LpBkAHq5VpJeg+GHbw0KN/JWlPJOdZjyZnFqFQ=="],

    "@img/sharp-linux-riscv64": ["@img/sharp-linux-riscv64@0.35.1", "", { "optionalDependencies": { "@img/sharp-libvips-linux-riscv64": "1.3.0" }, "os": "linux", "cpu": "none" }, "sha512-i7x6J3mwF4JgT0sM4V4WlAWdJ0bucPtA9rzO1bTji1n5qgBq/W5nn87RvOQPleuuxahNoLdTngByD8/vDDLArw=="],

    "@img/sharp-linux-s390x": ["@img/sharp-linux-s390x@0.35.1", "", { "optionalDependencies": { "@img/sharp-libvips-linux-s390x": "1.3.0" }, "os": "linux", "cpu": "s390x" }, "sha512-0zSaTUjTF0kIWTSYxD4EG/nvCU4jez53+3RdURtoY3HvbXtIQ98W90JnrGz/oLRFuEnfIy9+7xeq883euc0ZWw=="],

    "@img/sharp-linux-x64": ["@img/sharp-linux-x64@0.35.1", "", { "optionalDependencies": { "@img/sharp-libvips-linux-x64": "1.3.0" }, "os": "linux", "cpu": "x64" }, "sha512-NbJD4mWdeyrNQKluO/tR/wBDOelcowSVGNBWxI0e3ZtlXc6F/UOVKDj1MLD4zl3oHTuvKW3s+MA9N54YTldAYw=="],

    "@img/sharp-linuxmusl-arm64": ["@img/sharp-linuxmusl-arm64@0.35.1", "", { "optionalDependencies": { "@img/sharp-libvips-linuxmusl-arm64": "1.3.0" }, "os": "linux", "cpu": "arm64" }, "sha512-VoW2sQCWI+0YIKQEmWJ8vzaQjTg9wIyfkFpvEfAS2h43X6iHu7GTk1hhOgB4IpSzCHe8UwQZIcx7b81VTaOrJA=="],

    "@img/sharp-linuxmusl-x64": ["@img/sharp-linuxmusl-x64@0.35.1", "", { "optionalDependencies": { "@img/sharp-libvips-linuxmusl-x64": "1.3.0" }, "os": "linux", "cpu": "x64" }, "sha512-LjBoSd/c5JU0/K5MwzDMlgsSRP2bPn98JQGFFQAOLQ0bU/1z4ekxUdSKY9BmlwSh/cA+OrvpgsWqfZyYfVHBRw=="],

    "@img/sharp-wasm32": ["@img/sharp-wasm32@0.35.1", "", { "dependencies": { "@emnapi/runtime": "^1.11.0" } }, "sha512-PCQUoQdZyE8tp3HpbevuihfUmgSP4qWI0FGEPWoeXqaS+cUrFfemabHQiebUmUmlUhCuNnQMxGrQ+CPqK4hnxg=="],

    "@img/sharp-webcontainers-wasm32": ["@img/sharp-webcontainers-wasm32@0.35.1", "", { "dependencies": { "@img/sharp-wasm32": "0.35.1" }, "cpu": "none" }, "sha512-xU2ml2bU2OPxYVvW2A6ae4M1g5QKyhKG06P4FAt+YEaFQQO0919Qx+XxIZEUuWTMoDViLpMws2/dQwoe/VcA6A=="],

    "@img/sharp-win32-arm64": ["@img/sharp-win32-arm64@0.35.1", "", { "os": "win32", "cpu": "arm64" }, "sha512-IkmHwuFhYpd3bTsN5SAahjwhiAcyXPooBt8vEUgxY3T0IP70sSJ0nU1xiPzZY8AH/OB1XpV3j8aZSVSOSfTbdA=="],

    "@img/sharp-win32-ia32": ["@img/sharp-win32-ia32@0.35.1", "", { "os": "win32", "cpu": "ia32" }, "sha512-wQahqCi9MD8Yxzg4gVM4fNrZxh+r6vD55PyIg+WJPaM5ZRUyF35iQpwJCuma3r6viU9/8Pxlc+XHV+woVa6nCQ=="],

    "@img/sharp-win32-x64": ["@img/sharp-win32-x64@0.35.1", "", { "os": "win32", "cpu": "x64" }, "sha512-WzBtkYtZHATLPe8XRharxZXxQ9cdLrQWHiwxt+BJ5rBsisQrKeeV86ErxPSVhcG6xCEuNhs0SqLpWr7XDa2k6w=="],

    "@jsep-plugin/assignment": ["@jsep-plugin/assignment@1.3.0", "", { "peerDependencies": { "jsep": "^0.4.0||^1.0.0" } }, "sha512-VVgV+CXrhbMI3aSusQyclHkenWSAm95WaiKrMxRFam3JSUiIaQjoMIw2sEs/OX4XifnqeQUN4DYbJjlA8EfktQ=="],

    "@jsep-plugin/regex": ["@jsep-plugin/regex@1.0.4", "", { "peerDependencies": { "jsep": "^0.4.0||^1.0.0" } }, "sha512-q7qL4Mgjs1vByCaTnDFcBnV9HS7GVPJX5vyVoCgZHNSC9rjwIlmbXG5sUuorR5ndfHAIlJ8pVStxvjXHbNvtUg=="],

    "@types/node": ["@types/node@10.17.60", "", {}, "sha512-F0KIgDJfy2nA3zMLmWGKxcH2ZVEtCZXHHdOQs2gSaQ27+lNeEfGxzkIw90aXswATX7AZ33tahPbzy6KAfUreVw=="],

    "agent-base": ["agent-base@6.0.2", "", { "dependencies": { "debug": "4" } }, "sha512-RZNwNclF7+MS/8bDg70amg32dyeZGZxiDuQmZxKLAlQjr3jGyLx+4Kkk58UO7D2QdgFIQCovuSuZESne6RG6XQ=="],

    "ansi_up": ["ansi_up@6.0.6", "", {}, "sha512-yIa1x3Ecf8jWP4UWEunNjqNX6gzE4vg2gGz+xqRGY+TBSucnYp6RRdPV4brmtg6bQ1ljD48mZ5iGSEj7QEpRKA=="],

    "asn1": ["asn1@0.2.6", "", { "dependencies": { "safer-buffer": "~2.1.0" } }, "sha512-ix/FxPn0MDjeyJ7i/yoHGFt/EX6LyNbxSEhPPXODPL+KB0VPk86UYfL0lMdy+KCnv+fmvIzySwaK5COwqVbWTQ=="],

    "bcrypt-pbkdf": ["bcrypt-pbkdf@1.0.2", "", { "dependencies": { "tweetnacl": "^0.14.3" } }, "sha512-qeFIXtP4MSoi6NLqO12WfqARWWuCKi2Rn/9hJLEmtB5yTNr9DqFWkJRCf2qShWzPeAMRnOgCrq0sg/KLv5ES9w=="],

    "buffer-from": ["buffer-from@1.1.2", "", {}, "sha512-E+XQCRwSbaaiChtv6k6Dwgc+bx+Bs6vuKJHHl5kox/BaKbhiXzqQOwK4cO22yElGp2OCmjwVhT3HmxgyPGnJfQ=="],

    "buildcheck": ["buildcheck@0.0.7", "", {}, "sha512-lHblz4ahamxpTmnsk+MNTRWsjYKv965MwOrSJyeD588rR3Jcu7swE+0wN5F+PbL5cjgu/9ObkhfzEPuofEMwLA=="],

    "caseless": ["caseless@0.12.0", "", {}, "sha512-4tYFyifaFfGacoiObjJegolkwSU4xQNGbVgUiNYVUxbQ2x2lUsFvY4hVgVzGiIe6WLOPqycWXA40l+PWsxthUw=="],

    "clone": ["clone@2.1.2", "", {}, "sha512-3Pe/CF1Nn94hyhIYpjtiLhdCoEoz0DqQ+988E9gmeEdQZlojxnOb74wctFyuwWQHzqyf9X7C7MG8juUpqBJT8w=="],

    "concat-stream": ["concat-stream@2.0.0", "", { "dependencies": { "buffer-from": "^1.0.0", "inherits": "^2.0.3", "readable-stream": "^3.0.2", "typedarray": "^0.0.6" } }, "sha512-MWufYdFw53ccGjCA+Ol7XJYpAlW6/prSMzuPOTRnJGcGzuhLn4Scrz7qf6o8bROZ514ltazcIFJZevcfbo0x7A=="],

    "cpu-features": ["cpu-features@0.0.10", "", { "dependencies": { "buildcheck": "~0.0.6", "nan": "^2.19.0" } }, "sha512-9IkYqtX3YHPCzoVg1Py+o9057a3i0fp7S530UWokCSaFVTc7CwXPRiOjRjBQQ18ZCNafx78YfnG+HALxtVmOGA=="],

    "debug": ["debug@4.4.3", "", { "dependencies": { "ms": "^2.1.3" }, "peerDependencies": { "supports-color": "*" }, "optionalPeers": ["supports-color"] }, "sha512-RGwwWnwQvkVfavKVt22FGLw+xYSdzARwm0ru6DhTVA3umU5hZc28V3kO4stgYryrTlLpuvgI9GiijltAjNbcqA=="],

    "detect-libc": ["detect-libc@2.1.2", "", {}, "sha512-Btj2BOOO83o3WyH59e8MgXsxEQVcarkUOpEYrubB0urwnN10yQ364rsiByU11nZlqWYZm05i/of7io4mzihBtQ=="],

    "env-paths": ["env-paths@2.2.1", "", {}, "sha512-+h1lkLKhZMTYjog1VEpJNG7NZJWcuc2DDk/qsqSTRRCOXiLjeQ1d1/udrUGhqMxUgAlwKNZ0cf2uqan5GLuS2A=="],

    "eventemitter2": ["eventemitter2@6.4.9", "", {}, "sha512-JEPTiaOt9f04oa6NOkc4aH+nVp5I3wEjpHbIPqfgCdD5v5bUzy7xQqwcVO2aDQgOWhI28da57HksMrzK9HlRxg=="],

    "ffmpeg-static": ["ffmpeg-static@5.3.0", "", { "dependencies": { "@derhuerst/http-basic": "^8.2.0", "env-paths": "^2.2.0", "https-proxy-agent": "^5.0.0", "progress": "^2.0.3" } }, "sha512-H+K6sW6TiIX6VGend0KQwthe+kaceeH/luE8dIZyOP35ik7ahYojDuqlTV1bOrtEwl01sy2HFNGQfi5IDJvotg=="],

    "hash-it": ["hash-it@6.0.1", "", {}, "sha512-qhl8+l4Zwi1eLlL3lja5ywmDQnBzLEJxd0QJoAVIgZpgQbdtVZrN5ypB0y3VHwBlvAalpcbM2/A6x7oUks5zNg=="],

    "http-response-object": ["http-response-object@3.0.2", "", { "dependencies": { "@types/node": "^10.0.3" } }, "sha512-bqX0XTF6fnXSQcEJ2Iuyr75yVakyjIDCqroJQ/aHfSdlM743Cwqoi2nDYMzLGWUcuTWGWy8AAvOKXTfiv6q9RA=="],

    "https-proxy-agent": ["https-proxy-agent@5.0.1", "", { "dependencies": { "agent-base": "6", "debug": "4" } }, "sha512-dFcAjpTQFgoLMzC2VwU+C/CbS7uRL0lWmxDITmqm7C+7F0Odmj6s9l6alZc6AELXhrnggM2CeWSXHGOdX2YtwA=="],

    "inherits": ["inherits@2.0.4", "", {}, "sha512-k/vGaX4/Yla3WzyMCvTQOXYeIHvqOKtnqBduzTHpzpQZzAskKMhZ2K+EnBiSM9zGSoIFeMpXKxa4dYeZIQqewQ=="],

    "jsep": ["jsep@1.4.0", "", {}, "sha512-B7qPcEVE3NVkmSJbaYxvv4cHkVW7DQsZz13pUMrfS8z8Q/BuShN+gcTXrUlPiGqM2/t/EEaI030bpxMqY8gMlw=="],

    "json-rules-engine": ["json-rules-engine@7.3.1", "", { "dependencies": { "clone": "^2.1.2", "eventemitter2": "^6.4.4", "hash-it": "^6.0.0", "jsonpath-plus": "^10.3.0" } }, "sha512-NyRTQZllvAt7AQ3g9P7/t4nIwlEB+EyZV7y8/WgXfZWSlpcDryt1UH9CsoU+Z+MDvj8umN9qqEcbE6qnk9JAHw=="],

    "jsonpath-plus": ["jsonpath-plus@10.4.0", "", { "dependencies": { "@jsep-plugin/assignment": "^1.3.0", "@jsep-plugin/regex": "^1.0.4", "jsep": "^1.4.0" }, "bin": { "jsonpath": "bin/jsonpath-cli.js", "jsonpath-plus": "bin/jsonpath-cli.js" } }, "sha512-T92WWatJXmhBbKsgH/0hl+jxjdXrifi5IKeMY02DWggRxX0UElcbVzPlmgLTbvsPeW1PasQ6xE2Q75stkhGbsA=="],

    "ms": ["ms@2.1.3", "", {}, "sha512-6FlzubTLZG3J2a/NVCAleEhjzq5oxgHyaCU9yYXvcLsvoVaHJq/s5xXI6/XXP6tz7R9xAOtHnSO/tXtF3WRTlA=="],

    "nan": ["nan@2.27.0", "", {}, "sha512-hC+0LidcL3XE4rp1C4H54KujgXKzbfyTngZTwBByQxsOxCEKZT0MPQ4hOKUH2jU1OYstqdDH4onyHPDzcV0XdQ=="],

    "parse-cache-control": ["parse-cache-control@1.0.1", "", {}, "sha512-60zvsJReQPX5/QP0Kzfd/VrpjScIQ7SHBW6bFCYfEP+fp0Eppr1SHhIO5nd1PjZtvclzSzES9D/p5nFJurwfWg=="],

    "progress": ["progress@2.0.3", "", {}, "sha512-7PiHtLll5LdnKIMw100I+8xJXR5gW2QwWYkT6iJva0bXitZKa/XMrSbdmg3r2Xnaidz9Qumd0VPaMrZlF9V9sA=="],

    "readable-stream": ["readable-stream@3.6.2", "", { "dependencies": { "inherits": "^2.0.3", "string_decoder": "^1.1.1", "util-deprecate": "^1.0.1" } }, "sha512-9u/sniCrY3D5WdsERHzHE4G2YCXqoG5FTHUiCC4SIbr6XcLZBY05ya9EKjYek9O5xOAwjGq+1JdGBAS7Q9ScoA=="],

    "safe-buffer": ["safe-buffer@5.2.1", "", {}, "sha512-rp3So07KcdmmKbGvgaNxQSJr7bGVSVk5S9Eq1F+ppbRo70+YeaDxkw5Dd8NPN+GD6bjnYm2VuPuCXmpuYvmCXQ=="],

    "safer-buffer": ["safer-buffer@2.1.2", "", {}, "sha512-YZo3K82SD7Riyi0E1EQPojLz7kpepnSQI9IyPbHHg1XXXevb5dJI7tpyN2ADxGcQbHG7vcyRHk0cbwqcQriUtg=="],

    "semver": ["semver@7.8.4", "", { "bin": { "semver": "bin/semver.js" } }, "sha512-rUCObTnP32Q08R2uuIrt7r9PlEonuTmtuXYcW6s5kjdlj3xbnwe+21yXptAUYcMAABLkYYTtnmzb3w3EDZfueA=="],

    "sharp": ["sharp@0.35.1", "", { "dependencies": { "@img/colour": "^1.1.0", "detect-libc": "^2.1.2", "semver": "^7.8.4" }, "optionalDependencies": { "@img/sharp-darwin-arm64": "0.35.1", "@img/sharp-darwin-x64": "0.35.1", "@img/sharp-freebsd-wasm32": "0.35.1", "@img/sharp-libvips-darwin-arm64": "1.3.0", "@img/sharp-libvips-darwin-x64": "1.3.0", "@img/sharp-libvips-linux-arm": "1.3.0", "@img/sharp-libvips-linux-arm64": "1.3.0", "@img/sharp-libvips-linux-ppc64": "1.3.0", "@img/sharp-libvips-linux-riscv64": "1.3.0", "@img/sharp-libvips-linux-s390x": "1.3.0", "@img/sharp-libvips-linux-x64": "1.3.0", "@img/sharp-libvips-linuxmusl-arm64": "1.3.0", "@img/sharp-libvips-linuxmusl-x64": "1.3.0", "@img/sharp-linux-arm": "0.35.1", "@img/sharp-linux-arm64": "0.35.1", "@img/sharp-linux-ppc64": "0.35.1", "@img/sharp-linux-riscv64": "0.35.1", "@img/sharp-linux-s390x": "0.35.1", "@img/sharp-linux-x64": "0.35.1", "@img/sharp-linuxmusl-arm64": "0.35.1", "@img/sharp-linuxmusl-x64": "0.35.1", "@img/sharp-webcontainers-wasm32": "0.35.1", "@img/sharp-win32-arm64": "0.35.1", "@img/sharp-win32-ia32": "0.35.1", "@img/sharp-win32-x64": "0.35.1" } }, "sha512-lW979AMi+ESidzMv/Lnv+F9bknzLyxLqFI05Sm433vOeRcltgxQmXpnfOOFIAlKtwXU/ksupm2srQoFCkR214g=="],

    "ssh2": ["ssh2@1.17.0", "", { "dependencies": { "asn1": "^0.2.6", "bcrypt-pbkdf": "^1.0.2" }, "optionalDependencies": { "cpu-features": "~0.0.10", "nan": "^2.23.0" } }, "sha512-wPldCk3asibAjQ/kziWQQt1Wh3PgDFpC0XpwclzKcdT1vql6KeYxf5LIt4nlFkUeR8WuphYMKqUA56X4rjbfgQ=="],

    "string_decoder": ["string_decoder@1.3.0", "", { "dependencies": { "safe-buffer": "~5.2.0" } }, "sha512-hkRX8U1WjJFd8LsDJ2yQ/wWWxaopEsABU1XfkM8A+j0+85JAGppt16cr1Whg6KIbb4okU6Mql6BOj+uup/wKeA=="],

    "tslib": ["tslib@2.8.1", "", {}, "sha512-oJFu94HQb+KVduSUQL7wnpmqnfmLsOA/nAh6b6EH0wCEoK0/mPeXU6c3wKDV83MkOuHPRHtSXKKU99IBazS/2w=="],

    "tweetnacl": ["tweetnacl@0.14.5", "", {}, "sha512-KXXFFdAbFXY4geFIwoyNK+f5Z1b7swfXABfL7HXCmoIWMKU3dmS26672A4EeQtDzLKy7SXmfBu51JolvEKwtGA=="],

    "typedarray": ["typedarray@0.0.6", "", {}, "sha512-/aCDEGatGvZ2BIk+HmLf4ifCJFwvKFNb9/JeZPMulfgFracn9QFcAf5GO8B/mweUjSoblS5In0cWhqpfs/5PQA=="],

    "util-deprecate": ["util-deprecate@1.0.2", "", {}, "sha512-EPD5q1uXyFxJpCrLnCc1nHnq3gOa6DZBocAIiI2TaSCA7VCJ1UJDMagCzIkXNsUYfD1daK//LTEQ8xiIbrHtcw=="],

    "zod": ["zod@4.4.3", "", {}, "sha512-ytENFjIJFl2UwYglde2jchW2Hwm4GJFLDiSXWdTrJQBIN9Fcyp7n4DhxJEiWNAJMV1/BqWfW/kkg71UDcHJyTQ=="],
  }
}
